
Microsoft Visual Studio Solution File, Format Version 12.00
# Visual Studio Version 17
VisualStudioVersion = 17.8.34511.84
MinimumVisualStudioVersion = 10.0.40219.1
Project("{FAE04EC0-301F-11D3-BF4B-00C04F79EFBC}") = "ChallengePrestige", "ChallengePrestige.csproj", "{F60745E7-4366-4395-9D7E-156B23BD8A56}"
EndProject
Global
	GlobalSection(SolutionConfigurationPlatforms) = preSolution
		Debug|Any CPU = Debug|Any CPU
		Release|Any CPU = Release|Any CPU
	EndGlobalSection
	GlobalSection(ProjectConfigurationPlatforms) = postSolution
		{F60745E7-4366-4395-9D7E-156B23BD8A56}.Debug|Any CPU.ActiveCfg = Debug|Any CPU
		{F60745E7-4366-4395-9D7E-156B23BD8A56}.Debug|Any CPU.Build.0 = Debug|Any CPU
		{F60745E7-4366-4395-9D7E-156B23BD8A56}.Release|Any CPU.ActiveCfg = Release|Any CPU
		{F60745E7-4366-4395-9D7E-156B23BD8A56}.Release|Any CPU.Build.0 = Release|Any CPU
	EndGlobalSection
	GlobalSection(SolutionProperties) = preSolution
		HideSolutionNode = FALSE
	EndGlobalSection
	GlobalSection(ExtensibilityGlobals) = postSolution
		SolutionGuid = {62A15C86-B099-4C66-8DD9-8F13F6B676B6}
	EndGlobalSection
EndGlobal
